
Microsoft Visual Studio Solution File, Format Version 12.00
# Visual Studio 15
VisualStudioVersion = 15.0.28307.106
MinimumVisualStudioVersion = 10.0.40219.1
Project("{FAE04EC0-301F-11D3-BF4B-00C04F79EFBC}") = "rpgInventory", "rpgInventory\rpgInventory.csproj", "{04A913F0-717D-47C8-8B61-653F1FCA0D57}"
EndProject
Global
	GlobalSection(SolutionConfigurationPlatforms) = preSolution
		Debug|Any CPU = Debug|Any CPU
		Release|Any CPU = Release|Any CPU
	EndGlobalSection
	GlobalSection(ProjectConfigurationPlatforms) = postSolution
		{04A913F0-717D-47C8-8B61-653F1FCA0D57}.Debug|Any CPU.ActiveCfg = Debug|Any CPU
		{04A913F0-717D-47C8-8B61-653F1FCA0D57}.Debug|Any CPU.Build.0 = Debug|Any CPU
		{04A913F0-717D-47C8-8B61-653F1FCA0D57}.Release|Any CPU.ActiveCfg = Release|Any CPU
		{04A913F0-717D-47C8-8B61-653F1FCA0D57}.Release|Any CPU.Build.0 = Release|Any CPU
	EndGlobalSection
	GlobalSection(SolutionProperties) = preSolution
		HideSolutionNode = FALSE
	EndGlobalSection
	GlobalSection(ExtensibilityGlobals) = postSolution
		SolutionGuid = {C0E6162A-81D8-4FDB-ABE0-0F1C9964774D}
	EndGlobalSection
EndGlobal
